// !$*UTF8*$!
{
	archiveVersion = 1;
	classes = {
	};
	objectVersion = 50;
	objects = {

/* Begin PBXBuildFile section */
		5E19F6DC268A3426006D4946 /* AppDelegate.swift in Sources */ = {isa = PBXBuildFile; fileRef = 5E19F6DB268A3426006D4946 /* AppDelegate.swift */; };
		5E19F6DE268A3426006D4946 /* SceneDelegate.swift in Sources */ = {isa = PBXBuildFile; fileRef = 5E19F6DD268A3426006D4946 /* SceneDelegate.swift */; };
		5E19F6E0268A3426006D4946 /* ViewController.swift in Sources */ = {isa = PBXBuildFile; fileRef = 5E19F6DF268A3426006D4946 /* ViewController.swift */; };
		5E19F6E3268A3426006D4946 /* Main.storyboard in Resources */ = {isa = PBXBuildFile; fileRef = 5E19F6E1268A3426006D4946 /* Main.storyboard */; };
		5E19F6E5268A342A006D4946 /* Assets.xcassets in Resources */ = {isa = PBXBuildFile; fileRef = 5E19F6E4268A342A006D4946 /* Assets.xcassets */; };
		5E19F6E8268A342A006D4946 /* LaunchScreen.storyboard in Resources */ = {isa = PBXBuildFile; fileRef = 5E19F6E6268A342A006D4946 /* LaunchScreen.storyboard */; };
		5E19F6F2268AD84F006D4946 /* LuckManager.swift in Sources */ = {isa = PBXBuildFile; fileRef = 5E19F6F1268AD84F006D4946 /* LuckManager.swift */; };
/* End PBXBuildFile section */

/* Begin PBXFileReference section */
		5E19F6D8268A3426006D4946 /* Luck.app */ = {isa = PBXFileReference; explicitFileType = wrapper.application; includeInIndex = 0; path = Luck.app; sourceTree = BUILT_PRODUCTS_DIR; };
		5E19F6DB268A3426006D4946 /* AppDelegate.swift */ = {isa = PBXFileReference; lastKnownFileType = sourcecode.swift; path = AppDelegate.swift; sourceTree = "<group>"; };
		5E19F6DD268A3426006D4946 /* SceneDelegate.swift */ = {isa = PBXFileReference; lastKnownFileType = sourcecode.swift; path = SceneDelegate.swift; sourceTree = "<group>"; };
		5E19F6DF268A3426006D4946 /* ViewController.swift */ = {isa = PBXFileReference; lastKnownFileType = sourcecode.swift; path = ViewController.swift; sourceTree = "<group>"; };
		5E19F6E2268A3426006D4946 /* Base */ = {isa = PBXFileReference; lastKnownFileType = file.storyboard; name = Base; path = Base.lproj/Main.storyboard; sourceTree = "<group>"; };
		5E19F6E4268A342A006D4946 /* Assets.xcassets */ = {isa = PBXFileReference; lastKnownFileType = folder.assetcatalog; path = Assets.xcassets; sourceTree = "<group>"; };
		5E19F6E7268A342A006D4946 /* Base */ = {isa = PBXFileReference; lastKnownFileType = file.storyboard; name = Base; path = Base.lproj/LaunchScreen.storyboard; sourceTree = "<group>"; };
		5E19F6E9268A342A006D4946 /* Info.plist */ = {isa = PBXFileReference; lastKnownFileType = text.plist.xml; path = Info.plist; sourceTree = "<group>"; };
		5E19F6F1268AD84F006D4946 /* LuckManager.swift */ = {isa = PBXFileReference; lastKnownFileType = sourcecode.swift; path = LuckManager.swift; sourceTree = "<group>"; };
/* End PBXFileReference section */

/* Begin PBXFrameworksBuildPhase section */
		5E19F6D5268A3425006D4946 /* Frameworks */ = {
			isa = PBXFrameworksBuildPhase;
			buildActionMask = 2147483647;
			files = (
			);
			runOnlyForDeploymentPostprocessing = 0;
		};
/* End PBXFrameworksBuildPhase section */

/* Begin PBXGroup section */
		5E19F6CF268A3425006D4946 = {
			isa = PBXGroup;
			children = (
				5E19F6DA268A3426006D4946 /* Luck */,
				5E19F6D9268A3426006D4946 /* Products */,
			);
			sourceTree = "<group>";
		};
		5E19F6D9268A3426006D4946 /* Products */ = {
			isa = PBXGroup;
			children = (
				5E19F6D8268A3426006D4946 /* Luck.app */,
			);
			name = Products;
			sourceTree = "<group>";
		};
		5E19F6DA268A3426006D4946 /* Luck */ = {
			isa = PBXGroup;
			children = (
				5E19F6DB268A3426006D4946 /* AppDelegate.swift */,
				5E19F6DD268A3426006D4946 /* SceneDelegate.swift */,
				5E19F6F3268ADA78006D4946 /* Model */,
				5E19F6EF268A3433006D4946 /* View */,
				5E19F6F0268A3440006D4946 /* Controller */,
				5E19F6E4268A342A006D4946 /* Assets.xcassets */,
				5E19F6E6268A342A006D4946 /* LaunchScreen.storyboard */,
				5E19F6E9268A342A006D4946 /* Info.plist */,
			);
			path = Luck;
			sourceTree = "<group>";
		};
		5E19F6EF268A3433006D4946 /* View */ = {
			isa = PBXGroup;
			children = (
				5E19F6E1268A3426006D4946 /* Main.storyboard */,
			);
			path = View;
			sourceTree = "<group>";
		};
		5E19F6F0268A3440006D4946 /* Controller */ = {
			isa = PBXGroup;
			children = (
				5E19F6DF268A3426006D4946 /* ViewController.swift */,
			);
			path = Controller;
			sourceTree = "<group>";
		};
		5E19F6F3268ADA78006D4946 /* Model */ = {
			isa = PBXGroup;
			children = (
				5E19F6F1268AD84F006D4946 /* LuckManager.swift */,
			);
			path = Model;
			sourceTree = "<group>";
		};
/* End PBXGroup section */

/* Begin PBXNativeTarget section */
		5E19F6D7268A3425006D4946 /* Luck */ = {
			isa = PBXNativeTarget;
			buildConfigurationList = 5E19F6EC268A342A006D4946 /* Build configuration list for PBXNativeTarget "Luck" */;
			buildPhases = (
				5E19F6D4268A3425006D4946 /* Sources */,
				5E19F6D5268A3425006D4946 /* Frameworks */,
				5E19F6D6268A3425006D4946 /* Resources */,
			);
			buildRules = (
			);
			dependencies = (
			);
			name = Luck;
			productName = Luck;
			productReference = 5E19F6D8268A3426006D4946 /* Luck.app */;
			productType = "com.apple.product-type.application";
		};
/* End PBXNativeTarget section */

/* Begin PBXProject section */
		5E19F6D0268A3425006D4946 /* Project object */ = {
			isa = PBXProject;
			attributes = {
				LastSwiftUpdateCheck = 1250;
				LastUpgradeCheck = 1250;
				TargetAttributes = {
					5E19F6D7268A3425006D4946 = {
						CreatedOnToolsVersion = 12.5.1;
					};
				};
			};
			buildConfigurationList = 5E19F6D3268A3425006D4946 /* Build configuration list for PBXProject "Luck" */;
			compatibilityVersion = "Xcode 9.3";
			developmentRegion = en;
			hasScannedForEncodings = 0;
			knownRegions = (
				en,
				Base,
			);
			mainGroup = 5E19F6CF268A3425006D4946;
			productRefGroup = 5E19F6D9268A3426006D4946 /* Products */;
			projectDirPath = "";
			projectRoot = "";
			targets = (
				5E19F6D7268A3425006D4946 /* Luck */,
			);
		};
/* End PBXProject section */

/* Begin PBXResourcesBuildPhase section */
		5E19F6D6268A3425006D4946 /* Resources */ = {
			isa = PBXResourcesBuildPhase;
			buildActionMask = 2147483647;
			files = (
				5E19F6E8268A342A006D4946 /* LaunchScreen.storyboard in Resources */,
				5E19F6E5268A342A006D4946 /* Assets.xcassets in Resources */,
				5E19F6E3268A3426006D4946 /* Main.storyboard in Resources */,
			);
			runOnlyForDeploymentPostprocessing = 0;
		};
/* End PBXResourcesBuildPhase section */

/* Begin PBXSourcesBuildPhase section */
		5E19F6D4268A3425006D4946 /* Sources */ = {
			isa = PBXSourcesBuildPhase;
			buildActionMask = 2147483647;
			files = (
				5E19F6E0268A3426006D4946 /* ViewController.swift in Sources */,
				5E19F6DC268A3426006D4946 /* AppDelegate.swift in Sources */,
				5E19F6F2268AD84F006D4946 /* LuckManager.swift in Sources */,
				5E19F6DE268A3426006D4946 /* SceneDelegate.swift in Sources */,
			);
			runOnlyForDeploymentPostprocessing = 0;
		};
/* End PBXSourcesBuildPhase section */

/* Begin PBXVariantGroup section */
		5E19F6E1268A3426006D4946 /* Main.storyboard */ = {
			isa = PBXVariantGroup;
			children = (
				5E19F6E2268A3426006D4946 /* Base */,
			);
			name = Main.storyboard;
			sourceTree = "<group>";
		};
		5E19F6E6268A342A006D4946 /* LaunchScreen.storyboard */ = {
			isa = PBXVariantGroup;
			children = (
				5E19F6E7268A342A006D4946 /* Base */,
			);
			name = LaunchScreen.storyboard;
			sourceTree = "<group>";
		};
/* End PBXVariantGroup section */

/* Begin XCBuildConfiguration section */
		5E19F6EA268A342A006D4946 /* Debug */ = {
			isa = XCBuildConfiguration;
			buildSettings = {
				ALWAYS_SEARCH_USER_PATHS = NO;
				CLANG_ANALYZER_NONNULL = YES;
				CLANG_ANALYZER_NUMBER_OBJECT_CONVERSION = YES_AGGRESSIVE;
				CLANG_CXX_LANGUAGE_STANDARD = "gnu++14";
				CLANG_CXX_LIBRARY = "libc++";
				CLANG_ENABLE_MODULES = YES;
				CLANG_ENABLE_OBJC_ARC = YES;
				CLANG_ENABLE_OBJC_WEAK = YES;
				CLANG_WARN_BLOCK_CAPTURE_AUTORELEASING = YES;
				CLANG_WARN_BOOL_CONVERSION = YES;
				CLANG_WARN_COMMA = YES;
				CLANG_WARN_CONSTANT_CONVERSION = YES;
				CLANG_WARN_DEPRECATED_OBJC_IMPLEMENTATIONS = YES;
				CLANG_WARN_DIRECT_OBJC_ISA_USAGE = YES_ERROR;
				CLANG_WARN_DOCUMENTATION_COMMENTS = YES;
				CLANG_WARN_EMPTY_BODY = YES;
				CLANG_WARN_ENUM_CONVERSION = YES;
				CLANG_WARN_INFINITE_RECURSION = YES;
				CLANG_WARN_INT_CONVERSION = YES;
				CLANG_WARN_NON_LITERAL_NULL_CONVERSION = YES;
				CLANG_WARN_OBJC_IMPLICIT_RETAIN_SELF = YES;
				CLANG_WARN_OBJC_LITERAL_CONVERSION = YES;
				CLANG_WARN_OBJC_ROOT_CLASS = YES_ERROR;
				CLANG_WARN_QUOTED_INCLUDE_IN_FRAMEWORK_HEADER = YES;
				CLANG_WARN_RANGE_LOOP_ANALYSIS = YES;
				CLANG_WARN_STRICT_PROTOTYPES = YES;
				CLANG_WARN_SUSPICIOUS_MOVE = YES;
				CLANG_WARN_UNGUARDED_AVAILABILITY = YES_AGGRESSIVE;
				CLANG_WARN_UNREACHABLE_CODE = YES;
				CLANG_WARN__DUPLICATE_METHOD_MATCH = YES;
				COPY_PHASE_STRIP = NO;
				DEBUG_INFORMATION_FORMAT = dwarf;
				ENABLE_STRICT_OBJC_MSGSEND = YES;
				ENABLE_TESTABILITY = YES;
				GCC_C_LANGUAGE_STANDARD = gnu11;
				GCC_DYNAMIC_NO_PIC = NO;
				GCC_NO_COMMON_BLOCKS = YES;
				GCC_OPTIMIZATION_LEVEL = 0;
				GCC_PREPROCESSOR_DEFINITIONS = (
					"DEBUG=1",
					"$(inherited)",
				);
				GCC_WARN_64_TO_32_BIT_CONVERSION = YES;
				GCC_WARN_ABOUT_RETURN_TYPE = YES_ERROR;
				GCC_WARN_UNDECLARED_SELECTOR = YES;
				GCC_WARN_UNINITIALIZED_AUTOS = YES_AGGRESSIVE;
				GCC_WARN_UNUSED_FUNCTION = YES;
				GCC_WARN_UNUSED_VARIABLE = YES;
				IPHONEOS_DEPLOYMENT_TARGET = 14.5;
				MTL_ENABLE_DEBUG_INFO = INCLUDE_SOURCE;
				MTL_FAST_MATH = YES;
				ONLY_ACTIVE_ARCH = YES;
				SDKROOT = iphoneos;
				SWIFT_ACTIVE_COMPILATION_CONDITIONS = DEBUG;
				SWIFT_OPTIMIZATION_LEVEL = "-Onone";
			};
			name = Debug;
		};
		5E19F6EB268A342A006D4946 /* Release */ = {
			isa = XCBuildConfiguration;
			buildSettings = {
				ALWAYS_SEARCH_USER_PATHS = NO;
				CLANG_ANALYZER_NONNULL = YES;
				CLANG_ANALYZER_NUMBER_OBJECT_CONVERSION = YES_AGGRESSIVE;
				CLANG_CXX_LANGUAGE_STANDARD = "gnu++14";
				CLANG_CXX_LIBRARY = "libc++";
				CLANG_ENABLE_MODULES = YES;
				CLANG_ENABLE_OBJC_ARC = YES;
				CLANG_ENABLE_OBJC_WEAK = YES;
				CLANG_WARN_BLOCK_CAPTURE_AUTORELEASING = YES;
				CLANG_WARN_BOOL_CONVERSION = YES;
				CLANG_WARN_COMMA = YES;
				CLANG_WARN_CONSTANT_CONVERSION = YES;
				CLANG_WARN_DEPRECATED_OBJC_IMPLEMENTATIONS = YES;
				CLANG_WARN_DIRECT_OBJC_ISA_USAGE = YES_ERROR;
				CLANG_WARN_DOCUMENTATION_COMMENTS = YES;
				CLANG_WARN_EMPTY_BODY = YES;
				CLANG_WARN_ENUM_CONVERSION = YES;
				CLANG_WARN_INFINITE_RECURSION = YES;
				CLANG_WARN_INT_CONVERSION = YES;
				CLANG_WARN_NON_LITERAL_NULL_CONVERSION = YES;
				CLANG_WARN_OBJC_IMPLICIT_RETAIN_SELF = YES;
				CLANG_WARN_OBJC_LITERAL_CONVERSION = YES;
				CLANG_WARN_OBJC_ROOT_CLASS = YES_ERROR;
				CLANG_WARN_QUOTED_INCLUDE_IN_FRAMEWORK_HEADER = YES;
				CLANG_WARN_RANGE_LOOP_ANALYSIS = YES;
				CLANG_WARN_STRICT_PROTOTYPES = YES;
				CLANG_WARN_SUSPICIOUS_MOVE = YES;
				CLANG_WARN_UNGUARDED_AVAILABILITY = YES_AGGRESSIVE;
				CLANG_WARN_UNREACHABLE_CODE = YES;
				CLANG_WARN__DUPLICATE_METHOD_MATCH = YES;
				COPY_PHASE_STRIP = NO;
				DEBUG_INFORMATION_FORMAT = "dwarf-with-dsym";
				ENABLE_NS_ASSERTIONS = NO;
				ENABLE_STRICT_OBJC_MSGSEND = YES;
				GCC_C_LANGUAGE_STANDARD = gnu11;
				GCC_NO_COMMON_BLOCKS = YES;
				GCC_WARN_64_TO_32_BIT_CONVERSION = YES;
				GCC_WARN_ABOUT_RETURN_TYPE = YES_ERROR;
				GCC_WARN_UNDECLARED_SELECTOR = YES;
				GCC_WARN_UNINITIALIZED_AUTOS = YES_AGGRESSIVE;
				GCC_WARN_UNUSED_FUNCTION = YES;
				GCC_WARN_UNUSED_VARIABLE = YES;
				IPHONEOS_DEPLOYMENT_TARGET = 14.5;
				MTL_ENABLE_DEBUG_INFO = NO;
				MTL_FAST_MATH = YES;
				SDKROOT = iphoneos;
				SWIFT_COMPILATION_MODE = wholemodule;
				SWIFT_OPTIMIZATION_LEVEL = "-O";
				VALIDATE_PRODUCT = YES;
			};
			name = Release;
		};
		5E19F6ED268A342A006D4946 /* Debug */ = {
			isa = XCBuildConfiguration;
			buildSettings = {
				ASSETCATALOG_COMPILER_APPICON_NAME = AppIcon;
				ASSETCATALOG_COMPILER_GLOBAL_ACCENT_COLOR_NAME = AccentColor;
				CODE_SIGN_STYLE = Automatic;
				INFOPLIST_FILE = Luck/Info.plist;
				LD_RUNPATH_SEARCH_PATHS = (
					"$(inherited)",
					"@executable_path/Frameworks",
				);
				PRODUCT_BUNDLE_IDENTIFIER = com.deepanshugautam.Luck;
				PRODUCT_NAME = "$(TARGET_NAME)";
				SWIFT_VERSION = 5.0;
				TARGETED_DEVICE_FAMILY = "1,2";
			};
			name = Debug;
		};
		5E19F6EE268A342A006D4946 /* Release */ = {
			isa = XCBuildConfiguration;
			buildSettings = {
				ASSETCATALOG_COMPILER_APPICON_NAME = AppIcon;
				ASSETCATALOG_COMPILER_GLOBAL_ACCENT_COLOR_NAME = AccentColor;
				CODE_SIGN_STYLE = Automatic;
				INFOPLIST_FILE = Luck/Info.plist;
				LD_RUNPATH_SEARCH_PATHS = (
					"$(inherited)",
					"@executable_path/Frameworks",
				);
				PRODUCT_BUNDLE_IDENTIFIER = com.deepanshugautam.Luck;
				PRODUCT_NAME = "$(TARGET_NAME)";
				SWIFT_VERSION = 5.0;
				TARGETED_DEVICE_FAMILY = "1,2";
			};
			name = Release;
		};
/* End XCBuildConfiguration section */

/* Begin XCConfigurationList section */
		5E19F6D3268A3425006D4946 /* Build configuration list for PBXProject "Luck" */ = {
			isa = XCConfigurationList;
			buildConfigurations = (
				5E19F6EA268A342A006D4946 /* Debug */,
				5E19F6EB268A342A006D4946 /* Release */,
			);
			defaultConfigurationIsVisible = 0;
			defaultConfigurationName = Release;
		};
		5E19F6EC268A342A006D4946 /* Build configuration list for PBXNativeTarget "Luck" */ = {
			isa = XCConfigurationList;
			buildConfigurations = (
				5E19F6ED268A342A006D4946 /* Debug */,
				5E19F6EE268A342A006D4946 /* Release */,
			);
			defaultConfigurationIsVisible = 0;
			defaultConfigurationName = Release;
		};
/* End XCConfigurationList section */
	};
	rootObject = 5E19F6D0268A3425006D4946 /* Project object */;
}
